# This file was autogenerated by Stack.
# You should not edit this file by hand.
# For more information, please see the documentation at:
#   https://docs.haskellstack.org/en/stable/lock_files

packages:
- completed:
    hackage: Plural-0.0.2@sha256:cf82d4dc70869c8d223f2d505c099dab0fe3e5f76f163c383148a3e155d799f0,491
    pantry-tree:
      size: 218
      sha256: 9629aa35f09aeefae742417678cfffcf21bf9c86dd0f72b96d09f539b9cfc744
  original:
    hackage: Plural-0.0.2@sha256:cf82d4dc70869c8d223f2d505c099dab0fe3e5f76f163c383148a3e155d799f0,491
snapshots:
- completed:
    size: 524996
    url: https://raw.githubusercontent.com/commercialhaskell/stackage-snapshots/master/lts/14/27.yaml
    sha256: 7ea31a280c56bf36ff591a7397cc384d0dff622e7f9e4225b47d8980f019a0f0
  original: lts-14.27
