# This file was autogenerated by Stack.
# You should not edit this file by hand.
# For more information, please see the documentation at:
#   https://docs.haskellstack.org/en/stable/lock_files

packages:
- completed:
    hackage: Plural-0.0.2@sha256:cf82d4dc70869c8d223f2d505c099dab0fe3e5f76f163c383148a3e155d799f0,491
    pantry-tree:
      size: 218
      sha256: 9629aa35f09aeefae742417678cfffcf21bf9c86dd0f72b96d09f539b9cfc744
  original:
    hackage: Plural-0.0.2@sha256:cf82d4dc70869c8d223f2d505c099dab0fe3e5f76f163c383148a3e155d799f0,491
snapshots:
- completed:
    size: 488576
    url: https://raw.githubusercontent.com/commercialhaskell/stackage-snapshots/master/lts/15/0.yaml
    sha256: e4b6a87b47ec1cf63a7f1a0884a3b276fce2b0d174a10e8753c4f618e7983568
  original: lts-15.0
